
Microsoft Visual Studio Solution File, Format Version 12.00
# Visual Studio Version 17
VisualStudioVersion = 17.9.34728.123
MinimumVisualStudioVersion = 10.0.40219.1
Project("{FAE04EC0-301F-11D3-BF4B-00C04F79EFBC}") = "E-rechner", "E-rechner\E-rechner.csproj", "{998B19ED-D627-4EBC-A71D-6689C7792801}"
EndProject
Global
	GlobalSection(SolutionConfigurationPlatforms) = preSolution
		Debug|Any CPU = Debug|Any CPU
		Release|Any CPU = Release|Any CPU
	EndGlobalSection
	GlobalSection(ProjectConfigurationPlatforms) = postSolution
		{998B19ED-D627-4EBC-A71D-6689C7792801}.Debug|Any CPU.ActiveCfg = Debug|Any CPU
		{998B19ED-D627-4EBC-A71D-6689C7792801}.Debug|Any CPU.Build.0 = Debug|Any CPU
		{998B19ED-D627-4EBC-A71D-6689C7792801}.Release|Any CPU.ActiveCfg = Release|Any CPU
		{998B19ED-D627-4EBC-A71D-6689C7792801}.Release|Any CPU.Build.0 = Release|Any CPU
	EndGlobalSection
	GlobalSection(SolutionProperties) = preSolution
		HideSolutionNode = FALSE
	EndGlobalSection
	GlobalSection(ExtensibilityGlobals) = postSolution
		SolutionGuid = {2BDDCE66-5EA1-44DD-9D55-4F9E5C453A32}
	EndGlobalSection
EndGlobal
